{
  "originHash" : "69c39523ac0471922b625cc56b8722155cfd2afd660bdd4f5ff67335b5b87714",
  "pins" : [
    {
      "identity" : "keyboardshortcuts",
      "kind" : "remoteSourceControl",
      "location" : "https://github.com/sindresorhus/KeyboardShortcuts",
      "state" : {
        "revision" : "323d9f882ea060e28183ad67d9a9053317751071",
        "version" : "2.2.3"
      }
    }
  ],
  "version" : 3
}
