// !$*UTF8*$!
{
	archiveVersion = 1;
	classes = {
	};
	objectVersion = 56;
	objects = {

/* Begin PBXBuildFile section */
		170297D62BCD586A0035EB26 /* Updates.swift in Sources */ = {isa = PBXBuildFile; fileRef = 170297D52BCD586A0035EB26 /* Updates.swift */; };
		17322D4B2958D07E00185BB6 /* AppDelegate.swift in Sources */ = {isa = PBXBuildFile; fileRef = 17322D4A2958D07E00185BB6 /* AppDelegate.swift */; };
		17322D4F2958D08000185BB6 /* Assets.xcassets in Resources */ = {isa = PBXBuildFile; fileRef = 17322D4E2958D08000185BB6 /* Assets.xcassets */; };
		17322D5A2959286100185BB6 /* Processing.swift in Sources */ = {isa = PBXBuildFile; fileRef = 17322D592959286100185BB6 /* Processing.swift */; };
		17322D5C295928BE00185BB6 /* Recording.swift in Sources */ = {isa = PBXBuildFile; fileRef = 17322D5B295928BE00185BB6 /* Recording.swift */; };
		17322D5E295929A000185BB6 /* Menu.swift in Sources */ = {isa = PBXBuildFile; fileRef = 17322D5D295929A000185BB6 /* Menu.swift */; };
		175E29402BD2C94D00EB9F4C /* KeyboardShortcuts in Frameworks */ = {isa = PBXBuildFile; productRef = 175E293F2BD2C94D00EB9F4C /* KeyboardShortcuts */; };
		17BCDC80295BAC9400448A97 /* Types.swift in Sources */ = {isa = PBXBuildFile; fileRef = 17BCDC7F295BAC9300448A97 /* Types.swift */; };
		17DBD7C5295B0973005C0690 /* Preferences.swift in Sources */ = {isa = PBXBuildFile; fileRef = 17DBD7C4295B0973005C0690 /* Preferences.swift */; };
		18B09AB72BCB6D74005CDC4E /* Localizable.strings in Resources */ = {isa = PBXBuildFile; fileRef = 18B09AB92BCB6D74005CDC4E /* Localizable.strings */; };
		18B09ABC2BCBA40B005CDC4E /* MenuBar.swift in Sources */ = {isa = PBXBuildFile; fileRef = 18B09ABB2BCBA40B005CDC4E /* MenuBar.swift */; };
/* End PBXBuildFile section */

/* Begin PBXFileReference section */
		170297D22BCD525F0035EB26 /* sv */ = {isa = PBXFileReference; lastKnownFileType = text.plist.strings; name = sv; path = sv.lproj/Localizable.strings; sourceTree = "<group>"; };
		170297D52BCD586A0035EB26 /* Updates.swift */ = {isa = PBXFileReference; lastKnownFileType = sourcecode.swift; path = Updates.swift; sourceTree = "<group>"; };
		17322D472958D07E00185BB6 /* Azayaka.app */ = {isa = PBXFileReference; explicitFileType = wrapper.application; includeInIndex = 0; path = Azayaka.app; sourceTree = BUILT_PRODUCTS_DIR; };
		17322D4A2958D07E00185BB6 /* AppDelegate.swift */ = {isa = PBXFileReference; lastKnownFileType = sourcecode.swift; path = AppDelegate.swift; sourceTree = "<group>"; };
		17322D4E2958D08000185BB6 /* Assets.xcassets */ = {isa = PBXFileReference; lastKnownFileType = folder.assetcatalog; path = Assets.xcassets; sourceTree = "<group>"; };
		17322D532958D08000185BB6 /* Azayaka.entitlements */ = {isa = PBXFileReference; lastKnownFileType = text.plist.entitlements; path = Azayaka.entitlements; sourceTree = "<group>"; };
		17322D592959286100185BB6 /* Processing.swift */ = {isa = PBXFileReference; lastKnownFileType = sourcecode.swift; path = Processing.swift; sourceTree = "<group>"; };
		17322D5B295928BE00185BB6 /* Recording.swift */ = {isa = PBXFileReference; lastKnownFileType = sourcecode.swift; path = Recording.swift; sourceTree = "<group>"; };
		17322D5D295929A000185BB6 /* Menu.swift */ = {isa = PBXFileReference; lastKnownFileType = sourcecode.swift; path = Menu.swift; sourceTree = "<group>"; };
		17BCDC7F295BAC9300448A97 /* Types.swift */ = {isa = PBXFileReference; lastKnownFileType = sourcecode.swift; path = Types.swift; sourceTree = "<group>"; };
		17DBD7C4295B0973005C0690 /* Preferences.swift */ = {isa = PBXFileReference; lastKnownFileType = sourcecode.swift; path = Preferences.swift; sourceTree = "<group>"; };
		18B09AB82BCB6D74005CDC4E /* en */ = {isa = PBXFileReference; lastKnownFileType = text.plist.strings; name = en; path = en.lproj/Localizable.strings; sourceTree = "<group>"; };
		18B09ABA2BCB6D8D005CDC4E /* zh-Hans */ = {isa = PBXFileReference; lastKnownFileType = text.plist.strings; name = "zh-Hans"; path = "zh-Hans.lproj/Localizable.strings"; sourceTree = "<group>"; };
		18B09ABB2BCBA40B005CDC4E /* MenuBar.swift */ = {isa = PBXFileReference; lastKnownFileType = sourcecode.swift; path = MenuBar.swift; sourceTree = "<group>"; };
/* End PBXFileReference section */

/* Begin PBXFrameworksBuildPhase section */
		17322D442958D07E00185BB6 /* Frameworks */ = {
			isa = PBXFrameworksBuildPhase;
			buildActionMask = 2147483647;
			files = (
				175E29402BD2C94D00EB9F4C /* KeyboardShortcuts in Frameworks */,
			);
			runOnlyForDeploymentPostprocessing = 0;
		};
/* End PBXFrameworksBuildPhase section */

/* Begin PBXGroup section */
		17322D3E2958D07D00185BB6 = {
			isa = PBXGroup;
			children = (
				17322D492958D07E00185BB6 /* Azayaka */,
				17322D482958D07E00185BB6 /* Products */,
			);
			sourceTree = "<group>";
		};
		17322D482958D07E00185BB6 /* Products */ = {
			isa = PBXGroup;
			children = (
				17322D472958D07E00185BB6 /* Azayaka.app */,
			);
			name = Products;
			sourceTree = "<group>";
		};
		17322D492958D07E00185BB6 /* Azayaka */ = {
			isa = PBXGroup;
			children = (
				17322D4A2958D07E00185BB6 /* AppDelegate.swift */,
				17BCDC7F295BAC9300448A97 /* Types.swift */,
				17322D5D295929A000185BB6 /* Menu.swift */,
				17DBD7C4295B0973005C0690 /* Preferences.swift */,
				17322D5B295928BE00185BB6 /* Recording.swift */,
				18B09ABB2BCBA40B005CDC4E /* MenuBar.swift */,
				17322D592959286100185BB6 /* Processing.swift */,
				170297D52BCD586A0035EB26 /* Updates.swift */,
				18B09AB92BCB6D74005CDC4E /* Localizable.strings */,
				17322D4E2958D08000185BB6 /* Assets.xcassets */,
				17322D532958D08000185BB6 /* Azayaka.entitlements */,
			);
			path = Azayaka;
			sourceTree = "<group>";
		};
/* End PBXGroup section */

/* Begin PBXNativeTarget section */
		17322D462958D07E00185BB6 /* Azayaka */ = {
			isa = PBXNativeTarget;
			buildConfigurationList = 17322D562958D08000185BB6 /* Build configuration list for PBXNativeTarget "Azayaka" */;
			buildPhases = (
				17322D432958D07E00185BB6 /* Sources */,
				17322D442958D07E00185BB6 /* Frameworks */,
				17322D452958D07E00185BB6 /* Resources */,
			);
			buildRules = (
			);
			dependencies = (
			);
			name = Azayaka;
			packageProductDependencies = (
				175E293F2BD2C94D00EB9F4C /* KeyboardShortcuts */,
			);
			productName = Yamabiko;
			productReference = 17322D472958D07E00185BB6 /* Azayaka.app */;
			productType = "com.apple.product-type.application";
		};
/* End PBXNativeTarget section */

/* Begin PBXProject section */
		17322D3F2958D07D00185BB6 /* Project object */ = {
			isa = PBXProject;
			attributes = {
				BuildIndependentTargetsInParallel = 1;
				LastSwiftUpdateCheck = 1510;
				LastUpgradeCheck = 1510;
				TargetAttributes = {
					17322D462958D07E00185BB6 = {
						CreatedOnToolsVersion = 14.1;
					};
				};
			};
			buildConfigurationList = 17322D422958D07D00185BB6 /* Build configuration list for PBXProject "Azayaka" */;
			compatibilityVersion = "Xcode 14.0";
			developmentRegion = en;
			hasScannedForEncodings = 0;
			knownRegions = (
				en,
				Base,
				"zh-Hans",
				sv,
			);
			mainGroup = 17322D3E2958D07D00185BB6;
			packageReferences = (
				175E293E2BD2C94D00EB9F4C /* XCRemoteSwiftPackageReference "KeyboardShortcuts" */,
			);
			productRefGroup = 17322D482958D07E00185BB6 /* Products */;
			projectDirPath = "";
			projectRoot = "";
			targets = (
				17322D462958D07E00185BB6 /* Azayaka */,
			);
		};
/* End PBXProject section */

/* Begin PBXResourcesBuildPhase section */
		17322D452958D07E00185BB6 /* Resources */ = {
			isa = PBXResourcesBuildPhase;
			buildActionMask = 2147483647;
			files = (
				17322D4F2958D08000185BB6 /* Assets.xcassets in Resources */,
				18B09AB72BCB6D74005CDC4E /* Localizable.strings in Resources */,
			);
			runOnlyForDeploymentPostprocessing = 0;
		};
/* End PBXResourcesBuildPhase section */

/* Begin PBXSourcesBuildPhase section */
		17322D432958D07E00185BB6 /* Sources */ = {
			isa = PBXSourcesBuildPhase;
			buildActionMask = 2147483647;
			files = (
				17322D5A2959286100185BB6 /* Processing.swift in Sources */,
				17DBD7C5295B0973005C0690 /* Preferences.swift in Sources */,
				17BCDC80295BAC9400448A97 /* Types.swift in Sources */,
				17322D4B2958D07E00185BB6 /* AppDelegate.swift in Sources */,
				17322D5C295928BE00185BB6 /* Recording.swift in Sources */,
				18B09ABC2BCBA40B005CDC4E /* MenuBar.swift in Sources */,
				170297D62BCD586A0035EB26 /* Updates.swift in Sources */,
				17322D5E295929A000185BB6 /* Menu.swift in Sources */,
			);
			runOnlyForDeploymentPostprocessing = 0;
		};
/* End PBXSourcesBuildPhase section */

/* Begin PBXVariantGroup section */
		18B09AB92BCB6D74005CDC4E /* Localizable.strings */ = {
			isa = PBXVariantGroup;
			children = (
				18B09AB82BCB6D74005CDC4E /* en */,
				18B09ABA2BCB6D8D005CDC4E /* zh-Hans */,
				170297D22BCD525F0035EB26 /* sv */,
			);
			name = Localizable.strings;
			sourceTree = "<group>";
		};
/* End PBXVariantGroup section */

/* Begin XCBuildConfiguration section */
		17322D542958D08000185BB6 /* Debug */ = {
			isa = XCBuildConfiguration;
			buildSettings = {
				ALWAYS_SEARCH_USER_PATHS = NO;
				ASSETCATALOG_COMPILER_GENERATE_SWIFT_ASSET_SYMBOL_EXTENSIONS = YES;
				CLANG_ANALYZER_LOCALIZABILITY_NONLOCALIZED = YES;
				CLANG_ANALYZER_NONNULL = YES;
				CLANG_ANALYZER_NUMBER_OBJECT_CONVERSION = YES_AGGRESSIVE;
				CLANG_CXX_LANGUAGE_STANDARD = "gnu++20";
				CLANG_ENABLE_MODULES = YES;
				CLANG_ENABLE_OBJC_ARC = YES;
				CLANG_ENABLE_OBJC_WEAK = YES;
				CLANG_WARN_BLOCK_CAPTURE_AUTORELEASING = YES;
				CLANG_WARN_BOOL_CONVERSION = YES;
				CLANG_WARN_COMMA = YES;
				CLANG_WARN_CONSTANT_CONVERSION = YES;
				CLANG_WARN_DEPRECATED_OBJC_IMPLEMENTATIONS = YES;
				CLANG_WARN_DIRECT_OBJC_ISA_USAGE = YES_ERROR;
				CLANG_WARN_DOCUMENTATION_COMMENTS = YES;
				CLANG_WARN_EMPTY_BODY = YES;
				CLANG_WARN_ENUM_CONVERSION = YES;
				CLANG_WARN_INFINITE_RECURSION = YES;
				CLANG_WARN_INT_CONVERSION = YES;
				CLANG_WARN_NON_LITERAL_NULL_CONVERSION = YES;
				CLANG_WARN_OBJC_IMPLICIT_RETAIN_SELF = YES;
				CLANG_WARN_OBJC_LITERAL_CONVERSION = YES;
				CLANG_WARN_OBJC_ROOT_CLASS = YES_ERROR;
				CLANG_WARN_QUOTED_INCLUDE_IN_FRAMEWORK_HEADER = YES;
				CLANG_WARN_RANGE_LOOP_ANALYSIS = YES;
				CLANG_WARN_STRICT_PROTOTYPES = YES;
				CLANG_WARN_SUSPICIOUS_MOVE = YES;
				CLANG_WARN_UNGUARDED_AVAILABILITY = YES_AGGRESSIVE;
				CLANG_WARN_UNREACHABLE_CODE = YES;
				CLANG_WARN__DUPLICATE_METHOD_MATCH = YES;
				COPY_PHASE_STRIP = NO;
				DEAD_CODE_STRIPPING = YES;
				DEBUG_INFORMATION_FORMAT = dwarf;
				ENABLE_STRICT_OBJC_MSGSEND = YES;
				ENABLE_TESTABILITY = YES;
				ENABLE_USER_SCRIPT_SANDBOXING = YES;
				GCC_C_LANGUAGE_STANDARD = gnu11;
				GCC_DYNAMIC_NO_PIC = NO;
				GCC_NO_COMMON_BLOCKS = YES;
				GCC_OPTIMIZATION_LEVEL = 0;
				GCC_PREPROCESSOR_DEFINITIONS = (
					"DEBUG=1",
					"$(inherited)",
				);
				GCC_WARN_64_TO_32_BIT_CONVERSION = YES;
				GCC_WARN_ABOUT_RETURN_TYPE = YES_ERROR;
				GCC_WARN_UNDECLARED_SELECTOR = YES;
				GCC_WARN_UNINITIALIZED_AUTOS = YES_AGGRESSIVE;
				GCC_WARN_UNUSED_FUNCTION = YES;
				GCC_WARN_UNUSED_VARIABLE = YES;
				MACOSX_DEPLOYMENT_TARGET = 13.0;
				MTL_ENABLE_DEBUG_INFO = INCLUDE_SOURCE;
				MTL_FAST_MATH = YES;
				ONLY_ACTIVE_ARCH = YES;
				SDKROOT = macosx;
				SWIFT_ACTIVE_COMPILATION_CONDITIONS = DEBUG;
				SWIFT_OPTIMIZATION_LEVEL = "-Onone";
			};
			name = Debug;
		};
		17322D552958D08000185BB6 /* Release */ = {
			isa = XCBuildConfiguration;
			buildSettings = {
				ALWAYS_SEARCH_USER_PATHS = NO;
				ASSETCATALOG_COMPILER_GENERATE_SWIFT_ASSET_SYMBOL_EXTENSIONS = YES;
				CLANG_ANALYZER_LOCALIZABILITY_NONLOCALIZED = YES;
				CLANG_ANALYZER_NONNULL = YES;
				CLANG_ANALYZER_NUMBER_OBJECT_CONVERSION = YES_AGGRESSIVE;
				CLANG_CXX_LANGUAGE_STANDARD = "gnu++20";
				CLANG_ENABLE_MODULES = YES;
				CLANG_ENABLE_OBJC_ARC = YES;
				CLANG_ENABLE_OBJC_WEAK = YES;
				CLANG_WARN_BLOCK_CAPTURE_AUTORELEASING = YES;
				CLANG_WARN_BOOL_CONVERSION = YES;
				CLANG_WARN_COMMA = YES;
				CLANG_WARN_CONSTANT_CONVERSION = YES;
				CLANG_WARN_DEPRECATED_OBJC_IMPLEMENTATIONS = YES;
				CLANG_WARN_DIRECT_OBJC_ISA_USAGE = YES_ERROR;
				CLANG_WARN_DOCUMENTATION_COMMENTS = YES;
				CLANG_WARN_EMPTY_BODY = YES;
				CLANG_WARN_ENUM_CONVERSION = YES;
				CLANG_WARN_INFINITE_RECURSION = YES;
				CLANG_WARN_INT_CONVERSION = YES;
				CLANG_WARN_NON_LITERAL_NULL_CONVERSION = YES;
				CLANG_WARN_OBJC_IMPLICIT_RETAIN_SELF = YES;
				CLANG_WARN_OBJC_LITERAL_CONVERSION = YES;
				CLANG_WARN_OBJC_ROOT_CLASS = YES_ERROR;
				CLANG_WARN_QUOTED_INCLUDE_IN_FRAMEWORK_HEADER = YES;
				CLANG_WARN_RANGE_LOOP_ANALYSIS = YES;
				CLANG_WARN_STRICT_PROTOTYPES = YES;
				CLANG_WARN_SUSPICIOUS_MOVE = YES;
				CLANG_WARN_UNGUARDED_AVAILABILITY = YES_AGGRESSIVE;
				CLANG_WARN_UNREACHABLE_CODE = YES;
				CLANG_WARN__DUPLICATE_METHOD_MATCH = YES;
				COPY_PHASE_STRIP = NO;
				DEAD_CODE_STRIPPING = YES;
				DEBUG_INFORMATION_FORMAT = "dwarf-with-dsym";
				ENABLE_NS_ASSERTIONS = NO;
				ENABLE_STRICT_OBJC_MSGSEND = YES;
				ENABLE_USER_SCRIPT_SANDBOXING = YES;
				GCC_C_LANGUAGE_STANDARD = gnu11;
				GCC_NO_COMMON_BLOCKS = YES;
				GCC_WARN_64_TO_32_BIT_CONVERSION = YES;
				GCC_WARN_ABOUT_RETURN_TYPE = YES_ERROR;
				GCC_WARN_UNDECLARED_SELECTOR = YES;
				GCC_WARN_UNINITIALIZED_AUTOS = YES_AGGRESSIVE;
				GCC_WARN_UNUSED_FUNCTION = YES;
				GCC_WARN_UNUSED_VARIABLE = YES;
				MACOSX_DEPLOYMENT_TARGET = 13.0;
				MTL_ENABLE_DEBUG_INFO = NO;
				MTL_FAST_MATH = YES;
				SDKROOT = macosx;
				SWIFT_COMPILATION_MODE = wholemodule;
				SWIFT_OPTIMIZATION_LEVEL = "-O";
			};
			name = Release;
		};
		17322D572958D08000185BB6 /* Debug */ = {
			isa = XCBuildConfiguration;
			buildSettings = {
				ASSETCATALOG_COMPILER_APPICON_NAME = AppIcon;
				ASSETCATALOG_COMPILER_GLOBAL_ACCENT_COLOR_NAME = AccentColor;
				CODE_SIGN_ENTITLEMENTS = Azayaka/Azayaka.entitlements;
				"CODE_SIGN_IDENTITY[sdk=macosx*]" = "Apple Development";
				CODE_SIGN_STYLE = Automatic;
				COMBINE_HIDPI_IMAGES = YES;
				CURRENT_PROJECT_VERSION = 50;
				DEAD_CODE_STRIPPING = YES;
				DEVELOPMENT_TEAM = "";
				ENABLE_HARDENED_RUNTIME = YES;
				GENERATE_INFOPLIST_FILE = YES;
				INFOPLIST_KEY_CFBundleDisplayName = Azayaka;
				INFOPLIST_KEY_LSApplicationCategoryType = "public.app-category.utilities";
				INFOPLIST_KEY_LSUIElement = YES;
				INFOPLIST_KEY_NSHumanReadableCopyright = "";
				INFOPLIST_KEY_NSMicrophoneUsageDescription = "Azayaka needs this permission to record your microphone alongside your display's content.";
				INFOPLIST_KEY_NSPrincipalClass = NSApplication;
				LD_RUNPATH_SEARCH_PATHS = (
					"$(inherited)",
					"@executable_path/../Frameworks",
				);
				MACOSX_DEPLOYMENT_TARGET = 13.0;
				MARKETING_VERSION = 1.3;
				PRODUCT_BUNDLE_IDENTIFIER = dev.mnpn.Azayaka;
				PRODUCT_NAME = "$(TARGET_NAME)";
				STRIP_SWIFT_SYMBOLS = NO;
				SWIFT_EMIT_LOC_STRINGS = YES;
				SWIFT_VERSION = 5.0;
			};
			name = Debug;
		};
		17322D582958D08000185BB6 /* Release */ = {
			isa = XCBuildConfiguration;
			buildSettings = {
				ASSETCATALOG_COMPILER_APPICON_NAME = AppIcon;
				ASSETCATALOG_COMPILER_GLOBAL_ACCENT_COLOR_NAME = AccentColor;
				CODE_SIGN_ENTITLEMENTS = Azayaka/Azayaka.entitlements;
				"CODE_SIGN_IDENTITY[sdk=macosx*]" = "Apple Development";
				CODE_SIGN_STYLE = Automatic;
				COMBINE_HIDPI_IMAGES = YES;
				CURRENT_PROJECT_VERSION = 50;
				DEAD_CODE_STRIPPING = YES;
				DEVELOPMENT_TEAM = "";
				ENABLE_HARDENED_RUNTIME = YES;
				GENERATE_INFOPLIST_FILE = YES;
				INFOPLIST_KEY_CFBundleDisplayName = Azayaka;
				INFOPLIST_KEY_LSApplicationCategoryType = "public.app-category.utilities";
				INFOPLIST_KEY_LSUIElement = YES;
				INFOPLIST_KEY_NSHumanReadableCopyright = "";
				INFOPLIST_KEY_NSMicrophoneUsageDescription = "Azayaka needs this permission to record your microphone alongside your display's content.";
				INFOPLIST_KEY_NSPrincipalClass = NSApplication;
				LD_RUNPATH_SEARCH_PATHS = (
					"$(inherited)",
					"@executable_path/../Frameworks",
				);
				MACOSX_DEPLOYMENT_TARGET = 13.0;
				MARKETING_VERSION = 1.3;
				PRODUCT_BUNDLE_IDENTIFIER = dev.mnpn.Azayaka;
				PRODUCT_NAME = "$(TARGET_NAME)";
				STRIP_SWIFT_SYMBOLS = NO;
				SWIFT_EMIT_LOC_STRINGS = YES;
				SWIFT_VERSION = 5.0;
			};
			name = Release;
		};
/* End XCBuildConfiguration section */

/* Begin XCConfigurationList section */
		17322D422958D07D00185BB6 /* Build configuration list for PBXProject "Azayaka" */ = {
			isa = XCConfigurationList;
			buildConfigurations = (
				17322D542958D08000185BB6 /* Debug */,
				17322D552958D08000185BB6 /* Release */,
			);
			defaultConfigurationIsVisible = 0;
			defaultConfigurationName = Release;
		};
		17322D562958D08000185BB6 /* Build configuration list for PBXNativeTarget "Azayaka" */ = {
			isa = XCConfigurationList;
			buildConfigurations = (
				17322D572958D08000185BB6 /* Debug */,
				17322D582958D08000185BB6 /* Release */,
			);
			defaultConfigurationIsVisible = 0;
			defaultConfigurationName = Release;
		};
/* End XCConfigurationList section */

/* Begin XCRemoteSwiftPackageReference section */
		175E293E2BD2C94D00EB9F4C /* XCRemoteSwiftPackageReference "KeyboardShortcuts" */ = {
			isa = XCRemoteSwiftPackageReference;
			repositoryURL = "https://github.com/sindresorhus/KeyboardShortcuts";
			requirement = {
				kind = upToNextMajorVersion;
				minimumVersion = 2.0.0;
			};
		};
/* End XCRemoteSwiftPackageReference section */

/* Begin XCSwiftPackageProductDependency section */
		175E293F2BD2C94D00EB9F4C /* KeyboardShortcuts */ = {
			isa = XCSwiftPackageProductDependency;
			package = 175E293E2BD2C94D00EB9F4C /* XCRemoteSwiftPackageReference "KeyboardShortcuts" */;
			productName = KeyboardShortcuts;
		};
/* End XCSwiftPackageProductDependency section */
	};
	rootObject = 17322D3F2958D07D00185BB6 /* Project object */;
}
